
Microsoft Visual Studio Solution File, Format Version 12.00
# Visual Studio 15
VisualStudioVersion = 15.0.26415.2
MinimumVisualStudioVersion = 10.0.40219.1
Project("{FAE04EC0-301F-11D3-BF4B-00C04F79EFBC}") = "Clock.Android", "Clock\Clock.Android\Clock.Android.csproj", "{BA3ECBF5-EEF8-46F0-B83A-8D7DD7746D97}"
EndProject
Project("{FAE04EC0-301F-11D3-BF4B-00C04F79EFBC}") = "Clock", "Clock\Clock\Clock.csproj", "{61C63180-7658-47EA-BCC4-1948D5039C34}"
EndProject
Project("{FAE04EC0-301F-11D3-BF4B-00C04F79EFBC}") = "Clock.UWP", "Clock\Clock.UWP\Clock.UWP.csproj", "{22A75962-A54F-4D7A-BC3A-F41D32D53354}"
EndProject
Project("{FAE04EC0-301F-11D3-BF4B-00C04F79EFBC}") = "Clock.iOS", "Clock\Clock.iOS\Clock.iOS.csproj", "{D6492832-BF64-46B6-9FA9-D065C4BECCDB}"
EndProject
Global
	GlobalSection(SolutionConfigurationPlatforms) = preSolution
		Ad-Hoc|Any CPU = Ad-Hoc|Any CPU
		Ad-Hoc|ARM = Ad-Hoc|ARM
		Ad-Hoc|iPhone = Ad-Hoc|iPhone
		Ad-Hoc|iPhoneSimulator = Ad-Hoc|iPhoneSimulator
		Ad-Hoc|x64 = Ad-Hoc|x64
		Ad-Hoc|x86 = Ad-Hoc|x86
		AppStore|Any CPU = AppStore|Any CPU
		AppStore|ARM = AppStore|ARM
		AppStore|iPhone = AppStore|iPhone
		AppStore|iPhoneSimulator = AppStore|iPhoneSimulator
		AppStore|x64 = AppStore|x64
		AppStore|x86 = AppStore|x86
		Debug|Any CPU = Debug|Any CPU
		Debug|ARM = Debug|ARM
		Debug|iPhone = Debug|iPhone
		Debug|iPhoneSimulator = Debug|iPhoneSimulator
		Debug|x64 = Debug|x64
		Debug|x86 = Debug|x86
		Release|Any CPU = Release|Any CPU
		Release|ARM = Release|ARM
		Release|iPhone = Release|iPhone
		Release|iPhoneSimulator = Release|iPhoneSimulator
		Release|x64 = Release|x64
		Release|x86 = Release|x86
	EndGlobalSection
	GlobalSection(ProjectConfigurationPlatforms) = postSolution
		{BA3ECBF5-EEF8-46F0-B83A-8D7DD7746D97}.Ad-Hoc|Any CPU.ActiveCfg = Release|Any CPU
		{BA3ECBF5-EEF8-46F0-B83A-8D7DD7746D97}.Ad-Hoc|Any CPU.Build.0 = Release|Any CPU
		{BA3ECBF5-EEF8-46F0-B83A-8D7DD7746D97}.Ad-Hoc|Any CPU.Deploy.0 = Release|Any CPU
		{BA3ECBF5-EEF8-46F0-B83A-8D7DD7746D97}.Ad-Hoc|ARM.ActiveCfg = Release|Any CPU
		{BA3ECBF5-EEF8-46F0-B83A-8D7DD7746D97}.Ad-Hoc|ARM.Build.0 = Release|Any CPU
		{BA3ECBF5-EEF8-46F0-B83A-8D7DD7746D97}.Ad-Hoc|ARM.Deploy.0 = Release|Any CPU
		{BA3ECBF5-EEF8-46F0-B83A-8D7DD7746D97}.Ad-Hoc|iPhone.ActiveCfg = Release|Any CPU
		{BA3ECBF5-EEF8-46F0-B83A-8D7DD7746D97}.Ad-Hoc|iPhone.Build.0 = Release|Any CPU
		{BA3ECBF5-EEF8-46F0-B83A-8D7DD7746D97}.Ad-Hoc|iPhone.Deploy.0 = Release|Any CPU
		{BA3ECBF5-EEF8-46F0-B83A-8D7DD7746D97}.Ad-Hoc|iPhoneSimulator.ActiveCfg = Release|Any CPU
		{BA3ECBF5-EEF8-46F0-B83A-8D7DD7746D97}.Ad-Hoc|iPhoneSimulator.Build.0 = Release|Any CPU
		{BA3ECBF5-EEF8-46F0-B83A-8D7DD7746D97}.Ad-Hoc|iPhoneSimulator.Deploy.0 = Release|Any CPU
		{BA3ECBF5-EEF8-46F0-B83A-8D7DD7746D97}.Ad-Hoc|x64.ActiveCfg = Release|Any CPU
		{BA3ECBF5-EEF8-46F0-B83A-8D7DD7746D97}.Ad-Hoc|x64.Build.0 = Release|Any CPU
		{BA3ECBF5-EEF8-46F0-B83A-8D7DD7746D97}.Ad-Hoc|x64.Deploy.0 = Release|Any CPU
		{BA3ECBF5-EEF8-46F0-B83A-8D7DD7746D97}.Ad-Hoc|x86.ActiveCfg = Release|Any CPU
		{BA3ECBF5-EEF8-46F0-B83A-8D7DD7746D97}.Ad-Hoc|x86.Build.0 = Release|Any CPU
		{BA3ECBF5-EEF8-46F0-B83A-8D7DD7746D97}.Ad-Hoc|x86.Deploy.0 = Release|Any CPU
		{BA3ECBF5-EEF8-46F0-B83A-8D7DD7746D97}.AppStore|Any CPU.ActiveCfg = Release|Any CPU
		{BA3ECBF5-EEF8-46F0-B83A-8D7DD7746D97}.AppStore|Any CPU.Build.0 = Release|Any CPU
		{BA3ECBF5-EEF8-46F0-B83A-8D7DD7746D97}.AppStore|Any CPU.Deploy.0 = Release|Any CPU
		{BA3ECBF5-EEF8-46F0-B83A-8D7DD7746D97}.AppStore|ARM.ActiveCfg = Release|Any CPU
		{BA3ECBF5-EEF8-46F0-B83A-8D7DD7746D97}.AppStore|ARM.Build.0 = Release|Any CPU
		{BA3ECBF5-EEF8-46F0-B83A-8D7DD7746D97}.AppStore|ARM.Deploy.0 = Release|Any CPU
		{BA3ECBF5-EEF8-46F0-B83A-8D7DD7746D97}.AppStore|iPhone.ActiveCfg = Release|Any CPU
		{BA3ECBF5-EEF8-46F0-B83A-8D7DD7746D97}.AppStore|iPhone.Build.0 = Release|Any CPU
		{BA3ECBF5-EEF8-46F0-B83A-8D7DD7746D97}.AppStore|iPhone.Deploy.0 = Release|Any CPU
		{BA3ECBF5-EEF8-46F0-B83A-8D7DD7746D97}.AppStore|iPhoneSimulator.ActiveCfg = Release|Any CPU
		{BA3ECBF5-EEF8-46F0-B83A-8D7DD7746D97}.AppStore|iPhoneSimulator.Build.0 = Release|Any CPU
		{BA3ECBF5-EEF8-46F0-B83A-8D7DD7746D97}.AppStore|iPhoneSimulator.Deploy.0 = Release|Any CPU
		{BA3ECBF5-EEF8-46F0-B83A-8D7DD7746D97}.AppStore|x64.ActiveCfg = Release|Any CPU
		{BA3ECBF5-EEF8-46F0-B83A-8D7DD7746D97}.AppStore|x64.Build.0 = Release|Any CPU
		{BA3ECBF5-EEF8-46F0-B83A-8D7DD7746D97}.AppStore|x64.Deploy.0 = Release|Any CPU
		{BA3ECBF5-EEF8-46F0-B83A-8D7DD7746D97}.AppStore|x86.ActiveCfg = Release|Any CPU
		{BA3ECBF5-EEF8-46F0-B83A-8D7DD7746D97}.AppStore|x86.Build.0 = Release|Any CPU
		{BA3ECBF5-EEF8-46F0-B83A-8D7DD7746D97}.AppStore|x86.Deploy.0 = Release|Any CPU
		{BA3ECBF5-EEF8-46F0-B83A-8D7DD7746D97}.Debug|Any CPU.ActiveCfg = Debug|Any CPU
		{BA3ECBF5-EEF8-46F0-B83A-8D7DD7746D97}.Debug|Any CPU.Build.0 = Debug|Any CPU
		{BA3ECBF5-EEF8-46F0-B83A-8D7DD7746D97}.Debug|Any CPU.Deploy.0 = Debug|Any CPU
		{BA3ECBF5-EEF8-46F0-B83A-8D7DD7746D97}.Debug|ARM.ActiveCfg = Debug|Any CPU
		{BA3ECBF5-EEF8-46F0-B83A-8D7DD7746D97}.Debug|ARM.Build.0 = Debug|Any CPU
		{BA3ECBF5-EEF8-46F0-B83A-8D7DD7746D97}.Debug|ARM.Deploy.0 = Debug|Any CPU
		{BA3ECBF5-EEF8-46F0-B83A-8D7DD7746D97}.Debug|iPhone.ActiveCfg = Debug|Any CPU
		{BA3ECBF5-EEF8-46F0-B83A-8D7DD7746D97}.Debug|iPhone.Build.0 = Debug|Any CPU
		{BA3ECBF5-EEF8-46F0-B83A-8D7DD7746D97}.Debug|iPhone.Deploy.0 = Debug|Any CPU
		{BA3ECBF5-EEF8-46F0-B83A-8D7DD7746D97}.Debug|iPhoneSimulator.ActiveCfg = Debug|Any CPU
		{BA3ECBF5-EEF8-46F0-B83A-8D7DD7746D97}.Debug|iPhoneSimulator.Build.0 = Debug|Any CPU
		{BA3ECBF5-EEF8-46F0-B83A-8D7DD7746D97}.Debug|iPhoneSimulator.Deploy.0 = Debug|Any CPU
		{BA3ECBF5-EEF8-46F0-B83A-8D7DD7746D97}.Debug|x64.ActiveCfg = Debug|Any CPU
		{BA3ECBF5-EEF8-46F0-B83A-8D7DD7746D97}.Debug|x64.Build.0 = Debug|Any CPU
		{BA3ECBF5-EEF8-46F0-B83A-8D7DD7746D97}.Debug|x64.Deploy.0 = Debug|Any CPU
		{BA3ECBF5-EEF8-46F0-B83A-8D7DD7746D97}.Debug|x86.ActiveCfg = Debug|Any CPU
		{BA3ECBF5-EEF8-46F0-B83A-8D7DD7746D97}.Debug|x86.Build.0 = Debug|Any CPU
		{BA3ECBF5-EEF8-46F0-B83A-8D7DD7746D97}.Debug|x86.Deploy.0 = Debug|Any CPU
		{BA3ECBF5-EEF8-46F0-B83A-8D7DD7746D97}.Release|Any CPU.ActiveCfg = Release|Any CPU
		{BA3ECBF5-EEF8-46F0-B83A-8D7DD7746D97}.Release|Any CPU.Build.0 = Release|Any CPU
		{BA3ECBF5-EEF8-46F0-B83A-8D7DD7746D97}.Release|Any CPU.Deploy.0 = Release|Any CPU
		{BA3ECBF5-EEF8-46F0-B83A-8D7DD7746D97}.Release|ARM.ActiveCfg = Release|Any CPU
		{BA3ECBF5-EEF8-46F0-B83A-8D7DD7746D97}.Release|ARM.Build.0 = Release|Any CPU
		{BA3ECBF5-EEF8-46F0-B83A-8D7DD7746D97}.Release|ARM.Deploy.0 = Release|Any CPU
		{BA3ECBF5-EEF8-46F0-B83A-8D7DD7746D97}.Release|iPhone.ActiveCfg = Release|Any CPU
		{BA3ECBF5-EEF8-46F0-B83A-8D7DD7746D97}.Release|iPhone.Build.0 = Release|Any CPU
		{BA3ECBF5-EEF8-46F0-B83A-8D7DD7746D97}.Release|iPhone.Deploy.0 = Release|Any CPU
		{BA3ECBF5-EEF8-46F0-B83A-8D7DD7746D97}.Release|iPhoneSimulator.ActiveCfg = Release|Any CPU
		{BA3ECBF5-EEF8-46F0-B83A-8D7DD7746D97}.Release|iPhoneSimulator.Build.0 = Release|Any CPU
		{BA3ECBF5-EEF8-46F0-B83A-8D7DD7746D97}.Release|iPhoneSimulator.Deploy.0 = Release|Any CPU
		{BA3ECBF5-EEF8-46F0-B83A-8D7DD7746D97}.Release|x64.ActiveCfg = Release|Any CPU
		{BA3ECBF5-EEF8-46F0-B83A-8D7DD7746D97}.Release|x64.Build.0 = Release|Any CPU
		{BA3ECBF5-EEF8-46F0-B83A-8D7DD7746D97}.Release|x64.Deploy.0 = Release|Any CPU
		{BA3ECBF5-EEF8-46F0-B83A-8D7DD7746D97}.Release|x86.ActiveCfg = Release|Any CPU
		{BA3ECBF5-EEF8-46F0-B83A-8D7DD7746D97}.Release|x86.Build.0 = Release|Any CPU
		{BA3ECBF5-EEF8-46F0-B83A-8D7DD7746D97}.Release|x86.Deploy.0 = Release|Any CPU
		{61C63180-7658-47EA-BCC4-1948D5039C34}.Ad-Hoc|Any CPU.ActiveCfg = Release|Any CPU
		{61C63180-7658-47EA-BCC4-1948D5039C34}.Ad-Hoc|Any CPU.Build.0 = Release|Any CPU
		{61C63180-7658-47EA-BCC4-1948D5039C34}.Ad-Hoc|ARM.ActiveCfg = Release|Any CPU
		{61C63180-7658-47EA-BCC4-1948D5039C34}.Ad-Hoc|ARM.Build.0 = Release|Any CPU
		{61C63180-7658-47EA-BCC4-1948D5039C34}.Ad-Hoc|iPhone.ActiveCfg = Release|Any CPU
		{61C63180-7658-47EA-BCC4-1948D5039C34}.Ad-Hoc|iPhone.Build.0 = Release|Any CPU
		{61C63180-7658-47EA-BCC4-1948D5039C34}.Ad-Hoc|iPhoneSimulator.ActiveCfg = Release|Any CPU
		{61C63180-7658-47EA-BCC4-1948D5039C34}.Ad-Hoc|iPhoneSimulator.Build.0 = Release|Any CPU
		{61C63180-7658-47EA-BCC4-1948D5039C34}.Ad-Hoc|x64.ActiveCfg = Release|Any CPU
		{61C63180-7658-47EA-BCC4-1948D5039C34}.Ad-Hoc|x64.Build.0 = Release|Any CPU
		{61C63180-7658-47EA-BCC4-1948D5039C34}.Ad-Hoc|x86.ActiveCfg = Release|Any CPU
		{61C63180-7658-47EA-BCC4-1948D5039C34}.Ad-Hoc|x86.Build.0 = Release|Any CPU
		{61C63180-7658-47EA-BCC4-1948D5039C34}.AppStore|Any CPU.ActiveCfg = Release|Any CPU
		{61C63180-7658-47EA-BCC4-1948D5039C34}.AppStore|Any CPU.Build.0 = Release|Any CPU
		{61C63180-7658-47EA-BCC4-1948D5039C34}.AppStore|ARM.ActiveCfg = Release|Any CPU
		{61C63180-7658-47EA-BCC4-1948D5039C34}.AppStore|ARM.Build.0 = Release|Any CPU
		{61C63180-7658-47EA-BCC4-1948D5039C34}.AppStore|iPhone.ActiveCfg = Release|Any CPU
		{61C63180-7658-47EA-BCC4-1948D5039C34}.AppStore|iPhone.Build.0 = Release|Any CPU
		{61C63180-7658-47EA-BCC4-1948D5039C34}.AppStore|iPhoneSimulator.ActiveCfg = Release|Any CPU
		{61C63180-7658-47EA-BCC4-1948D5039C34}.AppStore|iPhoneSimulator.Build.0 = Release|Any CPU
		{61C63180-7658-47EA-BCC4-1948D5039C34}.AppStore|x64.ActiveCfg = Release|Any CPU
		{61C63180-7658-47EA-BCC4-1948D5039C34}.AppStore|x64.Build.0 = Release|Any CPU
		{61C63180-7658-47EA-BCC4-1948D5039C34}.AppStore|x86.ActiveCfg = Release|Any CPU
		{61C63180-7658-47EA-BCC4-1948D5039C34}.AppStore|x86.Build.0 = Release|Any CPU
		{61C63180-7658-47EA-BCC4-1948D5039C34}.Debug|Any CPU.ActiveCfg = Debug|Any CPU
		{61C63180-7658-47EA-BCC4-1948D5039C34}.Debug|Any CPU.Build.0 = Debug|Any CPU
		{61C63180-7658-47EA-BCC4-1948D5039C34}.Debug|ARM.ActiveCfg = Debug|Any CPU
		{61C63180-7658-47EA-BCC4-1948D5039C34}.Debug|ARM.Build.0 = Debug|Any CPU
		{61C63180-7658-47EA-BCC4-1948D5039C34}.Debug|iPhone.ActiveCfg = Debug|Any CPU
		{61C63180-7658-47EA-BCC4-1948D5039C34}.Debug|iPhone.Build.0 = Debug|Any CPU
		{61C63180-7658-47EA-BCC4-1948D5039C34}.Debug|iPhoneSimulator.ActiveCfg = Debug|Any CPU
		{61C63180-7658-47EA-BCC4-1948D5039C34}.Debug|iPhoneSimulator.Build.0 = Debug|Any CPU
		{61C63180-7658-47EA-BCC4-1948D5039C34}.Debug|x64.ActiveCfg = Debug|Any CPU
		{61C63180-7658-47EA-BCC4-1948D5039C34}.Debug|x64.Build.0 = Debug|Any CPU
		{61C63180-7658-47EA-BCC4-1948D5039C34}.Debug|x86.ActiveCfg = Debug|Any CPU
		{61C63180-7658-47EA-BCC4-1948D5039C34}.Debug|x86.Build.0 = Debug|Any CPU
		{61C63180-7658-47EA-BCC4-1948D5039C34}.Release|Any CPU.ActiveCfg = Release|Any CPU
		{61C63180-7658-47EA-BCC4-1948D5039C34}.Release|Any CPU.Build.0 = Release|Any CPU
		{61C63180-7658-47EA-BCC4-1948D5039C34}.Release|ARM.ActiveCfg = Release|Any CPU
		{61C63180-7658-47EA-BCC4-1948D5039C34}.Release|ARM.Build.0 = Release|Any CPU
		{61C63180-7658-47EA-BCC4-1948D5039C34}.Release|iPhone.ActiveCfg = Release|Any CPU
		{61C63180-7658-47EA-BCC4-1948D5039C34}.Release|iPhone.Build.0 = Release|Any CPU
		{61C63180-7658-47EA-BCC4-1948D5039C34}.Release|iPhoneSimulator.ActiveCfg = Release|Any CPU
		{61C63180-7658-47EA-BCC4-1948D5039C34}.Release|iPhoneSimulator.Build.0 = Release|Any CPU
		{61C63180-7658-47EA-BCC4-1948D5039C34}.Release|x64.ActiveCfg = Release|Any CPU
		{61C63180-7658-47EA-BCC4-1948D5039C34}.Release|x64.Build.0 = Release|Any CPU
		{61C63180-7658-47EA-BCC4-1948D5039C34}.Release|x86.ActiveCfg = Release|Any CPU
		{61C63180-7658-47EA-BCC4-1948D5039C34}.Release|x86.Build.0 = Release|Any CPU
		{22A75962-A54F-4D7A-BC3A-F41D32D53354}.Ad-Hoc|Any CPU.ActiveCfg = Release|x86
		{22A75962-A54F-4D7A-BC3A-F41D32D53354}.Ad-Hoc|Any CPU.Build.0 = Release|x86
		{22A75962-A54F-4D7A-BC3A-F41D32D53354}.Ad-Hoc|Any CPU.Deploy.0 = Release|x86
		{22A75962-A54F-4D7A-BC3A-F41D32D53354}.Ad-Hoc|ARM.ActiveCfg = Release|ARM
		{22A75962-A54F-4D7A-BC3A-F41D32D53354}.Ad-Hoc|ARM.Build.0 = Release|ARM
		{22A75962-A54F-4D7A-BC3A-F41D32D53354}.Ad-Hoc|ARM.Deploy.0 = Release|ARM
		{22A75962-A54F-4D7A-BC3A-F41D32D53354}.Ad-Hoc|iPhone.ActiveCfg = Release|x86
		{22A75962-A54F-4D7A-BC3A-F41D32D53354}.Ad-Hoc|iPhone.Build.0 = Release|x86
		{22A75962-A54F-4D7A-BC3A-F41D32D53354}.Ad-Hoc|iPhone.Deploy.0 = Release|x86
		{22A75962-A54F-4D7A-BC3A-F41D32D53354}.Ad-Hoc|iPhoneSimulator.ActiveCfg = Release|x86
		{22A75962-A54F-4D7A-BC3A-F41D32D53354}.Ad-Hoc|iPhoneSimulator.Build.0 = Release|x86
		{22A75962-A54F-4D7A-BC3A-F41D32D53354}.Ad-Hoc|iPhoneSimulator.Deploy.0 = Release|x86
		{22A75962-A54F-4D7A-BC3A-F41D32D53354}.Ad-Hoc|x64.ActiveCfg = Release|x64
		{22A75962-A54F-4D7A-BC3A-F41D32D53354}.Ad-Hoc|x64.Build.0 = Release|x64
		{22A75962-A54F-4D7A-BC3A-F41D32D53354}.Ad-Hoc|x64.Deploy.0 = Release|x64
		{22A75962-A54F-4D7A-BC3A-F41D32D53354}.Ad-Hoc|x86.ActiveCfg = Release|x86
		{22A75962-A54F-4D7A-BC3A-F41D32D53354}.Ad-Hoc|x86.Build.0 = Release|x86
		{22A75962-A54F-4D7A-BC3A-F41D32D53354}.Ad-Hoc|x86.Deploy.0 = Release|x86
		{22A75962-A54F-4D7A-BC3A-F41D32D53354}.AppStore|Any CPU.ActiveCfg = Release|x86
		{22A75962-A54F-4D7A-BC3A-F41D32D53354}.AppStore|Any CPU.Build.0 = Release|x86
		{22A75962-A54F-4D7A-BC3A-F41D32D53354}.AppStore|Any CPU.Deploy.0 = Release|x86
		{22A75962-A54F-4D7A-BC3A-F41D32D53354}.AppStore|ARM.ActiveCfg = Release|ARM
		{22A75962-A54F-4D7A-BC3A-F41D32D53354}.AppStore|ARM.Build.0 = Release|ARM
		{22A75962-A54F-4D7A-BC3A-F41D32D53354}.AppStore|ARM.Deploy.0 = Release|ARM
		{22A75962-A54F-4D7A-BC3A-F41D32D53354}.AppStore|iPhone.ActiveCfg = Release|x86
		{22A75962-A54F-4D7A-BC3A-F41D32D53354}.AppStore|iPhone.Build.0 = Release|x86
		{22A75962-A54F-4D7A-BC3A-F41D32D53354}.AppStore|iPhone.Deploy.0 = Release|x86
		{22A75962-A54F-4D7A-BC3A-F41D32D53354}.AppStore|iPhoneSimulator.ActiveCfg = Release|x86
		{22A75962-A54F-4D7A-BC3A-F41D32D53354}.AppStore|iPhoneSimulator.Build.0 = Release|x86
		{22A75962-A54F-4D7A-BC3A-F41D32D53354}.AppStore|iPhoneSimulator.Deploy.0 = Release|x86
		{22A75962-A54F-4D7A-BC3A-F41D32D53354}.AppStore|x64.ActiveCfg = Release|x64
		{22A75962-A54F-4D7A-BC3A-F41D32D53354}.AppStore|x64.Build.0 = Release|x64
		{22A75962-A54F-4D7A-BC3A-F41D32D53354}.AppStore|x64.Deploy.0 = Release|x64
		{22A75962-A54F-4D7A-BC3A-F41D32D53354}.AppStore|x86.ActiveCfg = Release|x86
		{22A75962-A54F-4D7A-BC3A-F41D32D53354}.AppStore|x86.Build.0 = Release|x86
		{22A75962-A54F-4D7A-BC3A-F41D32D53354}.AppStore|x86.Deploy.0 = Release|x86
		{22A75962-A54F-4D7A-BC3A-F41D32D53354}.Debug|Any CPU.ActiveCfg = Debug|x86
		{22A75962-A54F-4D7A-BC3A-F41D32D53354}.Debug|ARM.ActiveCfg = Debug|ARM
		{22A75962-A54F-4D7A-BC3A-F41D32D53354}.Debug|ARM.Build.0 = Debug|ARM
		{22A75962-A54F-4D7A-BC3A-F41D32D53354}.Debug|ARM.Deploy.0 = Debug|ARM
		{22A75962-A54F-4D7A-BC3A-F41D32D53354}.Debug|iPhone.ActiveCfg = Debug|x86
		{22A75962-A54F-4D7A-BC3A-F41D32D53354}.Debug|iPhoneSimulator.ActiveCfg = Debug|x86
		{22A75962-A54F-4D7A-BC3A-F41D32D53354}.Debug|x64.ActiveCfg = Debug|x64
		{22A75962-A54F-4D7A-BC3A-F41D32D53354}.Debug|x64.Build.0 = Debug|x64
		{22A75962-A54F-4D7A-BC3A-F41D32D53354}.Debug|x64.Deploy.0 = Debug|x64
		{22A75962-A54F-4D7A-BC3A-F41D32D53354}.Debug|x86.ActiveCfg = Debug|x86
		{22A75962-A54F-4D7A-BC3A-F41D32D53354}.Debug|x86.Build.0 = Debug|x86
		{22A75962-A54F-4D7A-BC3A-F41D32D53354}.Debug|x86.Deploy.0 = Debug|x86
		{22A75962-A54F-4D7A-BC3A-F41D32D53354}.Release|Any CPU.ActiveCfg = Release|x86
		{22A75962-A54F-4D7A-BC3A-F41D32D53354}.Release|ARM.ActiveCfg = Release|ARM
		{22A75962-A54F-4D7A-BC3A-F41D32D53354}.Release|ARM.Build.0 = Release|ARM
		{22A75962-A54F-4D7A-BC3A-F41D32D53354}.Release|ARM.Deploy.0 = Release|ARM
		{22A75962-A54F-4D7A-BC3A-F41D32D53354}.Release|iPhone.ActiveCfg = Release|x86
		{22A75962-A54F-4D7A-BC3A-F41D32D53354}.Release|iPhoneSimulator.ActiveCfg = Release|x86
		{22A75962-A54F-4D7A-BC3A-F41D32D53354}.Release|x64.ActiveCfg = Release|x64
		{22A75962-A54F-4D7A-BC3A-F41D32D53354}.Release|x64.Build.0 = Release|x64
		{22A75962-A54F-4D7A-BC3A-F41D32D53354}.Release|x64.Deploy.0 = Release|x64
		{22A75962-A54F-4D7A-BC3A-F41D32D53354}.Release|x86.ActiveCfg = Release|x86
		{22A75962-A54F-4D7A-BC3A-F41D32D53354}.Release|x86.Build.0 = Release|x86
		{22A75962-A54F-4D7A-BC3A-F41D32D53354}.Release|x86.Deploy.0 = Release|x86
		{D6492832-BF64-46B6-9FA9-D065C4BECCDB}.Ad-Hoc|Any CPU.ActiveCfg = Ad-Hoc|iPhone
		{D6492832-BF64-46B6-9FA9-D065C4BECCDB}.Ad-Hoc|ARM.ActiveCfg = Ad-Hoc|iPhone
		{D6492832-BF64-46B6-9FA9-D065C4BECCDB}.Ad-Hoc|iPhone.ActiveCfg = Ad-Hoc|iPhone
		{D6492832-BF64-46B6-9FA9-D065C4BECCDB}.Ad-Hoc|iPhone.Build.0 = Ad-Hoc|iPhone
		{D6492832-BF64-46B6-9FA9-D065C4BECCDB}.Ad-Hoc|iPhoneSimulator.ActiveCfg = Ad-Hoc|iPhoneSimulator
		{D6492832-BF64-46B6-9FA9-D065C4BECCDB}.Ad-Hoc|iPhoneSimulator.Build.0 = Ad-Hoc|iPhoneSimulator
		{D6492832-BF64-46B6-9FA9-D065C4BECCDB}.Ad-Hoc|x64.ActiveCfg = Ad-Hoc|iPhone
		{D6492832-BF64-46B6-9FA9-D065C4BECCDB}.Ad-Hoc|x86.ActiveCfg = Ad-Hoc|iPhone
		{D6492832-BF64-46B6-9FA9-D065C4BECCDB}.AppStore|Any CPU.ActiveCfg = AppStore|iPhone
		{D6492832-BF64-46B6-9FA9-D065C4BECCDB}.AppStore|ARM.ActiveCfg = AppStore|iPhone
		{D6492832-BF64-46B6-9FA9-D065C4BECCDB}.AppStore|iPhone.ActiveCfg = AppStore|iPhone
		{D6492832-BF64-46B6-9FA9-D065C4BECCDB}.AppStore|iPhone.Build.0 = AppStore|iPhone
		{D6492832-BF64-46B6-9FA9-D065C4BECCDB}.AppStore|iPhoneSimulator.ActiveCfg = AppStore|iPhoneSimulator
		{D6492832-BF64-46B6-9FA9-D065C4BECCDB}.AppStore|iPhoneSimulator.Build.0 = AppStore|iPhoneSimulator
		{D6492832-BF64-46B6-9FA9-D065C4BECCDB}.AppStore|x64.ActiveCfg = AppStore|iPhone
		{D6492832-BF64-46B6-9FA9-D065C4BECCDB}.AppStore|x86.ActiveCfg = AppStore|iPhone
		{D6492832-BF64-46B6-9FA9-D065C4BECCDB}.Debug|Any CPU.ActiveCfg = Debug|iPhone
		{D6492832-BF64-46B6-9FA9-D065C4BECCDB}.Debug|ARM.ActiveCfg = Debug|iPhone
		{D6492832-BF64-46B6-9FA9-D065C4BECCDB}.Debug|iPhone.ActiveCfg = Debug|iPhone
		{D6492832-BF64-46B6-9FA9-D065C4BECCDB}.Debug|iPhone.Build.0 = Debug|iPhone
		{D6492832-BF64-46B6-9FA9-D065C4BECCDB}.Debug|iPhoneSimulator.ActiveCfg = Debug|iPhoneSimulator
		{D6492832-BF64-46B6-9FA9-D065C4BECCDB}.Debug|iPhoneSimulator.Build.0 = Debug|iPhoneSimulator
		{D6492832-BF64-46B6-9FA9-D065C4BECCDB}.Debug|x64.ActiveCfg = Debug|iPhone
		{D6492832-BF64-46B6-9FA9-D065C4BECCDB}.Debug|x86.ActiveCfg = Debug|iPhone
		{D6492832-BF64-46B6-9FA9-D065C4BECCDB}.Release|Any CPU.ActiveCfg = Release|iPhone
		{D6492832-BF64-46B6-9FA9-D065C4BECCDB}.Release|ARM.ActiveCfg = Release|iPhone
		{D6492832-BF64-46B6-9FA9-D065C4BECCDB}.Release|iPhone.ActiveCfg = Release|iPhone
		{D6492832-BF64-46B6-9FA9-D065C4BECCDB}.Release|iPhone.Build.0 = Release|iPhone
		{D6492832-BF64-46B6-9FA9-D065C4BECCDB}.Release|iPhoneSimulator.ActiveCfg = Release|iPhoneSimulator
		{D6492832-BF64-46B6-9FA9-D065C4BECCDB}.Release|iPhoneSimulator.Build.0 = Release|iPhoneSimulator
		{D6492832-BF64-46B6-9FA9-D065C4BECCDB}.Release|x64.ActiveCfg = Release|iPhone
		{D6492832-BF64-46B6-9FA9-D065C4BECCDB}.Release|x86.ActiveCfg = Release|iPhone
	EndGlobalSection
	GlobalSection(SolutionProperties) = preSolution
		HideSolutionNode = FALSE
	EndGlobalSection
EndGlobal
